
Microsoft Visual Studio Solution File, Format Version 12.00
# Visual Studio Version 17
VisualStudioVersion = 17.3.32811.315
MinimumVisualStudioVersion = 10.0.40219.1
Project("{FAE04EC0-301F-11D3-BF4B-00C04F79EFBC}") = "ShopriteGroupLimited_Inventory_system", "ShopriteGroupLimited_Inventory_system.csproj", "{8AFD837B-8EA9-43A5-9994-05D8D757B6A0}"
EndProject
Global
	GlobalSection(SolutionConfigurationPlatforms) = preSolution
		Debug|Any CPU = Debug|Any CPU
		Release|Any CPU = Release|Any CPU
	EndGlobalSection
	GlobalSection(ProjectConfigurationPlatforms) = postSolution
		{8AFD837B-8EA9-43A5-9994-05D8D757B6A0}.Debug|Any CPU.ActiveCfg = Debug|Any CPU
		{8AFD837B-8EA9-43A5-9994-05D8D757B6A0}.Debug|Any CPU.Build.0 = Debug|Any CPU
		{8AFD837B-8EA9-43A5-9994-05D8D757B6A0}.Release|Any CPU.ActiveCfg = Release|Any CPU
		{8AFD837B-8EA9-43A5-9994-05D8D757B6A0}.Release|Any CPU.Build.0 = Release|Any CPU
	EndGlobalSection
	GlobalSection(SolutionProperties) = preSolution
		HideSolutionNode = FALSE
	EndGlobalSection
	GlobalSection(ExtensibilityGlobals) = postSolution
		SolutionGuid = {404C696A-74B7-42A2-8CA9-0799CF17B07C}
	EndGlobalSection
EndGlobal
